
Microsoft Visual Studio Solution File, Format Version 12.00
# Visual Studio Version 17
VisualStudioVersion = 17.6.33829.357
MinimumVisualStudioVersion = 10.0.40219.1
Project("{888888A0-9F3D-457C-B088-3A5042F75D52}") = "Box2Excel", "Box2Excel\Box2Excel.pyproj", "{2F6A91E6-E267-4B8D-9E57-E4C2222F55D9}"
EndProject
Global
	GlobalSection(SolutionConfigurationPlatforms) = preSolution
		Debug|Any CPU = Debug|Any CPU
		Release|Any CPU = Release|Any CPU
	EndGlobalSection
	GlobalSection(ProjectConfigurationPlatforms) = postSolution
		{2F6A91E6-E267-4B8D-9E57-E4C2222F55D9}.Debug|Any CPU.ActiveCfg = Debug|Any CPU
		{2F6A91E6-E267-4B8D-9E57-E4C2222F55D9}.Release|Any CPU.ActiveCfg = Release|Any CPU
	EndGlobalSection
	GlobalSection(SolutionProperties) = preSolution
		HideSolutionNode = FALSE
	EndGlobalSection
	GlobalSection(ExtensibilityGlobals) = postSolution
		SolutionGuid = {05EB505C-ED73-4C5C-8B6F-617A02F85CFE}
	EndGlobalSection
EndGlobal
